
Microsoft Visual Studio Solution File, Format Version 12.00
# Visual Studio Version 16
VisualStudioVersion = 16.0.31321.278
MinimumVisualStudioVersion = 10.0.40219.1
Project("{9A19103F-16F7-4668-BE54-9A1E7A4F7556}") = "MifareOneTool", "MifareOneTool\MifareOneTool.csproj", "{1180DE98-5790-404B-A611-FBA2999D451C}"
EndProject
Global
	GlobalSection(SolutionConfigurationPlatforms) = preSolution
		Debug|Any CPU = Debug|Any CPU
		Debug|Mixed Platforms = Debug|Mixed Platforms
		Debug|Win32 = Debug|Win32
		Debug|x86 = Debug|x86
		Release|Any CPU = Release|Any CPU
		Release|Mixed Platforms = Release|Mixed Platforms
		Release|Win32 = Release|Win32
		Release|x86 = Release|x86
	EndGlobalSection
	GlobalSection(ProjectConfigurationPlatforms) = postSolution
		{1180DE98-5790-404B-A611-FBA2999D451C}.Debug|Any CPU.ActiveCfg = Debug|Any CPU
		{1180DE98-5790-404B-A611-FBA2999D451C}.Debug|Mixed Platforms.ActiveCfg = Debug|Any CPU
		{1180DE98-5790-404B-A611-FBA2999D451C}.Debug|Mixed Platforms.Build.0 = Debug|Any CPU
		{1180DE98-5790-404B-A611-FBA2999D451C}.Debug|Win32.ActiveCfg = Debug|x86
		{1180DE98-5790-404B-A611-FBA2999D451C}.Debug|x86.ActiveCfg = Debug|x86
		{1180DE98-5790-404B-A611-FBA2999D451C}.Debug|x86.Build.0 = Debug|x86
		{1180DE98-5790-404B-A611-FBA2999D451C}.Release|Any CPU.ActiveCfg = Release|Any CPU
		{1180DE98-5790-404B-A611-FBA2999D451C}.Release|Mixed Platforms.ActiveCfg = Release|Any CPU
		{1180DE98-5790-404B-A611-FBA2999D451C}.Release|Mixed Platforms.Build.0 = Release|Any CPU
		{1180DE98-5790-404B-A611-FBA2999D451C}.Release|Win32.ActiveCfg = Release|Any CPU
		{1180DE98-5790-404B-A611-FBA2999D451C}.Release|x86.ActiveCfg = Release|Any CPU
		{1180DE98-5790-404B-A611-FBA2999D451C}.Release|x86.Build.0 = Release|Any CPU
	EndGlobalSection
	GlobalSection(SolutionProperties) = preSolution
		HideSolutionNode = FALSE
	EndGlobalSection
	GlobalSection(ExtensibilityGlobals) = postSolution
		SolutionGuid = {32B55A5E-1851-4438-8E4A-55A7F95E6067}
	EndGlobalSection
EndGlobal
